
Microsoft Visual Studio Solution File, Format Version 12.00
# Visual Studio Version 16
VisualStudioVersion = 16.0.30717.126
MinimumVisualStudioVersion = 10.0.40219.1
Project("{FAE04EC0-301F-11D3-BF4B-00C04F79EFBC}") = "WindowsFormsMDITest", "WindowsFormsMDITest\WindowsFormsMDITest.csproj", "{F8ADF22D-4C8A-4D5C-908B-6AEAEDFACE06}"
EndProject
Global
	GlobalSection(SolutionConfigurationPlatforms) = preSolution
		Debug|Any CPU = Debug|Any CPU
		Release|Any CPU = Release|Any CPU
	EndGlobalSection
	GlobalSection(ProjectConfigurationPlatforms) = postSolution
		{F8ADF22D-4C8A-4D5C-908B-6AEAEDFACE06}.Debug|Any CPU.ActiveCfg = Debug|Any CPU
		{F8ADF22D-4C8A-4D5C-908B-6AEAEDFACE06}.Debug|Any CPU.Build.0 = Debug|Any CPU
		{F8ADF22D-4C8A-4D5C-908B-6AEAEDFACE06}.Release|Any CPU.ActiveCfg = Release|Any CPU
		{F8ADF22D-4C8A-4D5C-908B-6AEAEDFACE06}.Release|Any CPU.Build.0 = Release|Any CPU
	EndGlobalSection
	GlobalSection(SolutionProperties) = preSolution
		HideSolutionNode = FALSE
	EndGlobalSection
	GlobalSection(ExtensibilityGlobals) = postSolution
		SolutionGuid = {096A3C69-EC88-4FC0-BD4D-6C6A1CE42BB5}
	EndGlobalSection
EndGlobal
